
Microsoft Visual Studio Solution File, Format Version 12.00
# Visual Studio Version 17
VisualStudioVersion = 17.4.33122.133
MinimumVisualStudioVersion = 10.0.40219.1
Project("{FAE04EC0-301F-11D3-BF4B-00C04F79EFBC}") = "TicTacToe", "TicTacToe\TicTacToe.csproj", "{866688EE-8AB3-44BF-981B-3EA621B3D834}"
EndProject
Global
	GlobalSection(SolutionConfigurationPlatforms) = preSolution
		Debug|Any CPU = Debug|Any CPU
		Release|Any CPU = Release|Any CPU
	EndGlobalSection
	GlobalSection(ProjectConfigurationPlatforms) = postSolution
		{866688EE-8AB3-44BF-981B-3EA621B3D834}.Debug|Any CPU.ActiveCfg = Debug|Any CPU
		{866688EE-8AB3-44BF-981B-3EA621B3D834}.Debug|Any CPU.Build.0 = Debug|Any CPU
		{866688EE-8AB3-44BF-981B-3EA621B3D834}.Release|Any CPU.ActiveCfg = Release|Any CPU
		{866688EE-8AB3-44BF-981B-3EA621B3D834}.Release|Any CPU.Build.0 = Release|Any CPU
	EndGlobalSection
	GlobalSection(SolutionProperties) = preSolution
		HideSolutionNode = FALSE
	EndGlobalSection
	GlobalSection(ExtensibilityGlobals) = postSolution
		SolutionGuid = {5097D36A-FB90-49B8-9A79-83049003A926}
	EndGlobalSection
EndGlobal
